# This file is automatically @generated by Cargo.
# It is not intended for manual editing.
version = 3

[[package]]
name = "othello"
version = "0.1.0"
source = "git+https://github.com/near129/othello.git#eca562c9e6be1686c19d418a81f3788a35363f8f"

[[package]]
name = "othello-cui"
version = "0.1.0"
dependencies = [
 "othello",
]
